
Microsoft Visual Studio Solution File, Format Version 12.00
# Visual Studio Version 16
VisualStudioVersion = 16.0.29613.14
MinimumVisualStudioVersion = 10.0.40219.1
Project("{FAE04EC0-301F-11D3-BF4B-00C04F79EFBC}") = "TeamPowered", "TeamPowered\TeamPowered.csproj", "{FFEAC3DA-81D1-439F-BBB1-6949F43E15F3}"
EndProject
Global
	GlobalSection(SolutionConfigurationPlatforms) = preSolution
		Debug|Any CPU = Debug|Any CPU
		Release|Any CPU = Release|Any CPU
	EndGlobalSection
	GlobalSection(ProjectConfigurationPlatforms) = postSolution
		{FFEAC3DA-81D1-439F-BBB1-6949F43E15F3}.Debug|Any CPU.ActiveCfg = Debug|Any CPU
		{FFEAC3DA-81D1-439F-BBB1-6949F43E15F3}.Debug|Any CPU.Build.0 = Debug|Any CPU
		{FFEAC3DA-81D1-439F-BBB1-6949F43E15F3}.Release|Any CPU.ActiveCfg = Release|Any CPU
		{FFEAC3DA-81D1-439F-BBB1-6949F43E15F3}.Release|Any CPU.Build.0 = Release|Any CPU
	EndGlobalSection
	GlobalSection(SolutionProperties) = preSolution
		HideSolutionNode = FALSE
	EndGlobalSection
	GlobalSection(ExtensibilityGlobals) = postSolution
		SolutionGuid = {924D5931-BCA0-4824-908B-049B9084A07A}
	EndGlobalSection
EndGlobal
